Microsoft Visual Studio Solution File, Format Version 12.00
# Visual Studio Version 17
VisualStudioVersion = 17.5.2.0
MinimumVisualStudioVersion = 10.0.40219.1
Project("{FAE04EC0-301F-11D3-BF4B-00C04F79EFBC}") = "Lesson19", "Lesson19.csproj", "{EEB831D1-DFD7-C87E-1F94-8C094349B945}"
EndProject
Global
	GlobalSection(SolutionConfigurationPlatforms) = preSolution
		Debug|Any CPU = Debug|Any CPU
		Release|Any CPU = Release|Any CPU
	EndGlobalSection
	GlobalSection(ProjectConfigurationPlatforms) = postSolution
		{EEB831D1-DFD7-C87E-1F94-8C094349B945}.Debug|Any CPU.ActiveCfg = Debug|Any CPU
		{EEB831D1-DFD7-C87E-1F94-8C094349B945}.Debug|Any CPU.Build.0 = Debug|Any CPU
		{EEB831D1-DFD7-C87E-1F94-8C094349B945}.Release|Any CPU.ActiveCfg = Release|Any CPU
		{EEB831D1-DFD7-C87E-1F94-8C094349B945}.Release|Any CPU.Build.0 = Release|Any CPU
	EndGlobalSection
	GlobalSection(SolutionProperties) = preSolution
		HideSolutionNode = FALSE
	EndGlobalSection
	GlobalSection(ExtensibilityGlobals) = postSolution
		SolutionGuid = {5B1937B6-45A0-4EEB-B38E-1D78C54A3857}
	EndGlobalSection
EndGlobal
